PODS:
  - GoogleAnalytics-iOS-SDK (3.10):
    - GoogleAnalytics-iOS-SDK/Core
  - GoogleAnalytics-iOS-SDK/Core (3.10)
  - iOSPlot (1.0.1)
  - Realm (0.88.0):
    - Realm/Headers
  - Realm/Headers (0.88.0)
  - UAAppReviewManager (0.2.6)

DEPENDENCIES:
  - GoogleAnalytics-iOS-SDK (~> 3.0)
  - iOSPlot (~> 1.0)
  - Realm (~> 0.85)
  - UAAppReviewManager

SPEC CHECKSUMS:
  GoogleAnalytics-iOS-SDK: f422062075d9ccb1ea8d783fc5ba3829461e9502
  iOSPlot: 93934987c4be73bfdd229d0068bb1302efa05109
  Realm: 56fd06bf4e97da2829f864e2bca229a060825c61
  UAAppReviewManager: f23428de9c9cd242c2ffd899e218ba3620bd0683

COCOAPODS: 0.34.2
